
Microsoft Visual Studio Solution File, Format Version 12.00
# Visual Studio Version 17
VisualStudioVersion = 17.3.32929.385
MinimumVisualStudioVersion = 10.0.40219.1
Project("{2150E333-8FDC-42A3-9474-1A3956D46DE8}") = "100 Nvient.Common", "100 Nvient.Common", "{5585E4AC-E26E-43C8-B287-090C6B05B5FF}"
EndProject
Project("{2150E333-8FDC-42A3-9474-1A3956D46DE8}") = "020 Model", "020 Model", "{7EFA3DFD-D725-4352-A3DF-497C198A3C4D}"
EndProject
Project("{9A19103F-16F7-4668-BE54-9A1E7A4F7556}") = "model.jsonbase", "common.model.jsonbase\model.jsonbase.csproj", "{64E9C45D-4065-41B5-A691-80793264FE20}"
EndProject
Project("{9A19103F-16F7-4668-BE54-9A1E7A4F7556}") = "model.jsonbase.test", "common.model.jsonbase.test\model.jsonbase.test.csproj", "{2324C439-AAA7-4D03-A900-46FE550F314A}"
EndProject
Project("{9A19103F-16F7-4668-BE54-9A1E7A4F7556}") = "model.aiquery", "common.model.aiquery\model.aiquery.csproj", "{42ACAB6D-CD7B-409C-A6F6-0F16690E81D8}"
EndProject
Project("{9A19103F-16F7-4668-BE54-9A1E7A4F7556}") = "model.aiquery.test", "common.model.aiquery.test\model.aiquery.test.csproj", "{C7782D13-F93F-4C53-B087-61F91A640A3D}"
EndProject
Project("{9A19103F-16F7-4668-BE54-9A1E7A4F7556}") = "model.wattsn", "common.model.wattsn\model.wattsn.csproj", "{CFDA14F9-30F4-48C4-B076-B31506E0A62F}"
EndProject
Project("{9A19103F-16F7-4668-BE54-9A1E7A4F7556}") = "model.wattsn.test", "common.model.wattsn.test\model.wattsn.test.csproj", "{24EB8E9C-F526-41C8-84C9-C58DF8F663D4}"
EndProject
Project("{2150E333-8FDC-42A3-9474-1A3956D46DE8}") = "010 Extension", "010 Extension", "{DD5194BB-3845-4174-BCE0-5950B3E68179}"
EndProject
Project("{2150E333-8FDC-42A3-9474-1A3956D46DE8}") = "050 Navient.Presentation", "050 Navient.Presentation", "{4BB12F72-1ACF-40EF-8202-C06A3B708E4B}"
EndProject
Project("{2150E333-8FDC-42A3-9474-1A3956D46DE8}") = "050 Configuration", "050 Configuration", "{92E13CBE-BA33-4729-8DEC-BF81BCFD45C2}"
EndProject
Project("{9A19103F-16F7-4668-BE54-9A1E7A4F7556}") = "model.applicationaettings.abstraction", "configuration.model.applicationsettings.abstraction\model.applicationaettings.abstraction.csproj", "{B6992780-7E62-4051-BFDD-CFBCD354D7E1}"
EndProject
Project("{9A19103F-16F7-4668-BE54-9A1E7A4F7556}") = "model.applicationsettings", "configuration.model.applicationsettings\model.applicationsettings.csproj", "{A52A5D3B-89C3-4C09-B710-3AF54A623EAF}"
EndProject
Project("{9A19103F-16F7-4668-BE54-9A1E7A4F7556}") = "model.applicationsettings.test", "configuration.model.applicationsettings.test\model.applicationsettings.test.csproj", "{A402AABD-D1E0-4D15-B373-F75B6621429B}"
EndProject
Project("{9A19103F-16F7-4668-BE54-9A1E7A4F7556}") = "extension.serilog", "common.extension.serilog\extension.serilog.csproj", "{63FF6D15-F573-42F6-B4C9-D3C4F3CD89BA}"
EndProject
Project("{9A19103F-16F7-4668-BE54-9A1E7A4F7556}") = "extension.serilog.test", "common.extension.serilog.test\extension.serilog.test.csproj", "{17DE076D-2317-40BA-856B-0995DE6F9D09}"
EndProject
Project("{2150E333-8FDC-42A3-9474-1A3956D46DE8}") = "Model", "Model", "{F0DE36A7-5F36-4E05-9E41-DFF997ADC5BE}"
EndProject
Project("{2150E333-8FDC-42A3-9474-1A3956D46DE8}") = "Extension", "Extension", "{FFDB6964-21A0-43A6-A5F3-04657045FC2F}"
EndProject
Project("{9A19103F-16F7-4668-BE54-9A1E7A4F7556}") = "extension.json", "configuration.extension.json\extension.json.csproj", "{0009E8FD-7AB3-4743-B0F3-D075A8210025}"
EndProject
Project("{9A19103F-16F7-4668-BE54-9A1E7A4F7556}") = "extension.json.test", "configuration.extension.json.test\extension.json.test.csproj", "{661CA8A0-3328-4BEE-B0A3-158484413937}"
EndProject
Project("{9A19103F-16F7-4668-BE54-9A1E7A4F7556}") = "extension.serilog.test", "configuration.extension.serilog.test\extension.serilog.test.csproj", "{10CA3538-9729-4E3B-889C-F3906A7ED25D}"
EndProject
Project("{9A19103F-16F7-4668-BE54-9A1E7A4F7556}") = "extension.swagger", "configuration.extension.swagger\extension.swagger.csproj", "{82B8497A-2B3D-4840-9301-EDF0421A9906}"
EndProject
Project("{9A19103F-16F7-4668-BE54-9A1E7A4F7556}") = "extension.swagger.test", "configuration.extension.swagger.test\extension.swagger.test.csproj", "{BCC32AFE-85F0-4FA9-8A84-4FB2829D0182}"
EndProject
Project("{9A19103F-16F7-4668-BE54-9A1E7A4F7556}") = "configuration.swagger", "configuration.swagger\configuration.swagger.csproj", "{77B39073-338A-4FD0-8394-536E7E124F70}"
EndProject
Project("{2150E333-8FDC-42A3-9474-1A3956D46DE8}") = "010 Service", "010 Service", "{89AC8C6E-40D7-4744-82D5-FFABC03AF24F}"
EndProject
Project("{9A19103F-16F7-4668-BE54-9A1E7A4F7556}") = "extension.validation", "common.extension.validation\extension.validation.csproj", "{1E8CBFBE-DD7B-4319-90A8-F1C2E72171BA}"
EndProject
Project("{9A19103F-16F7-4668-BE54-9A1E7A4F7556}") = "extension.validation.test", "common.extension.validation.test\extension.validation.test.csproj", "{8E4075A7-4CA3-4FDD-B55A-52C208928554}"
EndProject
Project("{2150E333-8FDC-42A3-9474-1A3956D46DE8}") = "010 Configuration", "010 Configuration", "{EA656D96-F919-4D48-90D2-D1A7ECC13246}"
EndProject
Project("{2150E333-8FDC-42A3-9474-1A3956D46DE8}") = "020 Handler", "020 Handler", "{442655B1-42B6-428C-B735-3CA18FC34600}"
EndProject
Project("{2150E333-8FDC-42A3-9474-1A3956D46DE8}") = "010 Rest", "010 Rest", "{2D0FEA54-8D07-44D9-94A2-D70C4719FEC1}"
EndProject
Project("{9A19103F-16F7-4668-BE54-9A1E7A4F7556}") = "handler.parse", "service.handler.parse\handler.parse.csproj", "{524F97AC-887B-43BA-AA82-08B3A5A1E896}"
EndProject
Project("{9A19103F-16F7-4668-BE54-9A1E7A4F7556}") = "handler.parse.test", "service.handler.parse.test\handler.parse.test.csproj", "{A19B1746-F69F-4F3D-BF97-5DFEDA7A8A64}"
EndProject
Project("{9A19103F-16F7-4668-BE54-9A1E7A4F7556}") = "handler.load.fiserv.mock.data", "service.handler.fiserve.mock.data\handler.load.fiserv.mock.data.csproj", "{49E53F17-04F8-452A-A524-3287EBA8D693}"
EndProject
Project("{9A19103F-16F7-4668-BE54-9A1E7A4F7556}") = "handler.aiquery", "service.handler.aiquery\handler.aiquery.csproj", "{DCF0F23E-D47B-49AA-88EC-9E01A8406775}"
EndProject
Project("{FAE04EC0-301F-11D3-BF4B-00C04F79EFBC}") = "handler.aiquery.test", "service.handler.aiquery.test\handler.aiquery.test.csproj", "{5ED6A907-82A5-4219-968F-097A55EE8EC9}"
EndProject
Project("{FAE04EC0-301F-11D3-BF4B-00C04F79EFBC}") = "handler.replace", "service.handler.replace\handler.replace.csproj", "{ED1A5CEB-AB96-43F8-A11A-F95AFBCF7900}"
EndProject
Project("{FAE04EC0-301F-11D3-BF4B-00C04F79EFBC}") = "handler.replace.test", "service.handler.replace.test\handler.replace.test.csproj", "{56BF6468-FAE0-445F-B9AD-8138F93C141E}"
EndProject
Project("{FAE04EC0-301F-11D3-BF4B-00C04F79EFBC}") = "handler.parseandreplacemessage.test", "service.handler.parseandreplacemessage.test\handler.parseandreplacemessage.test.csproj", "{5B250C21-8893-4457-B78B-D946FE4D117C}"
EndProject
Project("{9A19103F-16F7-4668-BE54-9A1E7A4F7556}") = "handler.parseandreplacemessage", "service.handler.parseandreplacemessage\handler.parseandreplacemessage.csproj", "{A28C2EB7-3A3D-41A8-A3A3-33E7D460C4F4}"
EndProject
Project("{9A19103F-16F7-4668-BE54-9A1E7A4F7556}") = "extension.serilog", "configuration.extension.serilog\extension.serilog.csproj", "{C6EC7D90-C8CD-41ED-B9FB-2589D941F34F}"
EndProject
Project("{9A19103F-16F7-4668-BE54-9A1E7A4F7556}") = "rest.mockfiservproxy", "service.rest.mockfiservproxy\rest.mockfiservproxy.csproj", "{8CBFFE8F-20D4-4D1E-866B-0C99ED2D0472}"
EndProject
Project("{9A19103F-16F7-4668-BE54-9A1E7A4F7556}") = "rest.parseandreplace", "service.rest.parseandreplace\rest.parseandreplace.csproj", "{DA93689A-7990-42D4-905F-5A15F5E94F84}"
EndProject
Project("{9A19103F-16F7-4668-BE54-9A1E7A4F7556}") = "rest.instantassistant", "service.rest.instantassistant\rest.instantassistant.csproj", "{4FC91C77-508F-4117-87F1-F3FD0359E03D}"
EndProject
Global
	GlobalSection(SolutionConfigurationPlatforms) = preSolution
		Debug|Any CPU = Debug|Any CPU
		Debug|x64 = Debug|x64
		Release|Any CPU = Release|Any CPU
		Release|x64 = Release|x64
	EndGlobalSection
	GlobalSection(ProjectConfigurationPlatforms) = postSolution
		{64E9C45D-4065-41B5-A691-80793264FE20}.Debug|Any CPU.ActiveCfg = Debug|x64
		{64E9C45D-4065-41B5-A691-80793264FE20}.Debug|Any CPU.Build.0 = Debug|x64
		{64E9C45D-4065-41B5-A691-80793264FE20}.Debug|x64.ActiveCfg = Debug|x64
		{64E9C45D-4065-41B5-A691-80793264FE20}.Debug|x64.Build.0 = Debug|x64
		{64E9C45D-4065-41B5-A691-80793264FE20}.Release|Any CPU.ActiveCfg = Release|x64
		{64E9C45D-4065-41B5-A691-80793264FE20}.Release|Any CPU.Build.0 = Release|x64
		{64E9C45D-4065-41B5-A691-80793264FE20}.Release|x64.ActiveCfg = Release|x64
		{64E9C45D-4065-41B5-A691-80793264FE20}.Release|x64.Build.0 = Release|x64
		{2324C439-AAA7-4D03-A900-46FE550F314A}.Debug|Any CPU.ActiveCfg = Debug|x64
		{2324C439-AAA7-4D03-A900-46FE550F314A}.Debug|Any CPU.Build.0 = Debug|x64
		{2324C439-AAA7-4D03-A900-46FE550F314A}.Debug|x64.ActiveCfg = Debug|x64
		{2324C439-AAA7-4D03-A900-46FE550F314A}.Debug|x64.Build.0 = Debug|x64
		{2324C439-AAA7-4D03-A900-46FE550F314A}.Release|Any CPU.ActiveCfg = Release|x64
		{2324C439-AAA7-4D03-A900-46FE550F314A}.Release|Any CPU.Build.0 = Release|x64
		{2324C439-AAA7-4D03-A900-46FE550F314A}.Release|x64.ActiveCfg = Release|x64
		{2324C439-AAA7-4D03-A900-46FE550F314A}.Release|x64.Build.0 = Release|x64
		{42ACAB6D-CD7B-409C-A6F6-0F16690E81D8}.Debug|Any CPU.ActiveCfg = Debug|x64
		{42ACAB6D-CD7B-409C-A6F6-0F16690E81D8}.Debug|Any CPU.Build.0 = Debug|x64
		{42ACAB6D-CD7B-409C-A6F6-0F16690E81D8}.Debug|x64.ActiveCfg = Debug|x64
		{42ACAB6D-CD7B-409C-A6F6-0F16690E81D8}.Debug|x64.Build.0 = Debug|x64
		{42ACAB6D-CD7B-409C-A6F6-0F16690E81D8}.Release|Any CPU.ActiveCfg = Release|x64
		{42ACAB6D-CD7B-409C-A6F6-0F16690E81D8}.Release|Any CPU.Build.0 = Release|x64
		{42ACAB6D-CD7B-409C-A6F6-0F16690E81D8}.Release|x64.ActiveCfg = Release|x64
		{42ACAB6D-CD7B-409C-A6F6-0F16690E81D8}.Release|x64.Build.0 = Release|x64
		{C7782D13-F93F-4C53-B087-61F91A640A3D}.Debug|Any CPU.ActiveCfg = Debug|Any CPU
		{C7782D13-F93F-4C53-B087-61F91A640A3D}.Debug|Any CPU.Build.0 = Debug|Any CPU
		{C7782D13-F93F-4C53-B087-61F91A640A3D}.Debug|x64.ActiveCfg = Debug|x64
		{C7782D13-F93F-4C53-B087-61F91A640A3D}.Debug|x64.Build.0 = Debug|x64
		{C7782D13-F93F-4C53-B087-61F91A640A3D}.Release|Any CPU.ActiveCfg = Release|Any CPU
		{C7782D13-F93F-4C53-B087-61F91A640A3D}.Release|Any CPU.Build.0 = Release|Any CPU
		{C7782D13-F93F-4C53-B087-61F91A640A3D}.Release|x64.ActiveCfg = Release|Any CPU
		{C7782D13-F93F-4C53-B087-61F91A640A3D}.Release|x64.Build.0 = Release|Any CPU
		{CFDA14F9-30F4-48C4-B076-B31506E0A62F}.Debug|Any CPU.ActiveCfg = Debug|x64
		{CFDA14F9-30F4-48C4-B076-B31506E0A62F}.Debug|Any CPU.Build.0 = Debug|x64
		{CFDA14F9-30F4-48C4-B076-B31506E0A62F}.Debug|x64.ActiveCfg = Debug|x64
		{CFDA14F9-30F4-48C4-B076-B31506E0A62F}.Debug|x64.Build.0 = Debug|x64
		{CFDA14F9-30F4-48C4-B076-B31506E0A62F}.Release|Any CPU.ActiveCfg = Release|x64
		{CFDA14F9-30F4-48C4-B076-B31506E0A62F}.Release|Any CPU.Build.0 = Release|x64
		{CFDA14F9-30F4-48C4-B076-B31506E0A62F}.Release|x64.ActiveCfg = Release|x64
		{CFDA14F9-30F4-48C4-B076-B31506E0A62F}.Release|x64.Build.0 = Release|x64
		{24EB8E9C-F526-41C8-84C9-C58DF8F663D4}.Debug|Any CPU.ActiveCfg = Debug|Any CPU
		{24EB8E9C-F526-41C8-84C9-C58DF8F663D4}.Debug|Any CPU.Build.0 = Debug|Any CPU
		{24EB8E9C-F526-41C8-84C9-C58DF8F663D4}.Debug|x64.ActiveCfg = Debug|x64
		{24EB8E9C-F526-41C8-84C9-C58DF8F663D4}.Debug|x64.Build.0 = Debug|x64
		{24EB8E9C-F526-41C8-84C9-C58DF8F663D4}.Release|Any CPU.ActiveCfg = Release|Any CPU
		{24EB8E9C-F526-41C8-84C9-C58DF8F663D4}.Release|Any CPU.Build.0 = Release|Any CPU
		{24EB8E9C-F526-41C8-84C9-C58DF8F663D4}.Release|x64.ActiveCfg = Release|Any CPU
		{24EB8E9C-F526-41C8-84C9-C58DF8F663D4}.Release|x64.Build.0 = Release|Any CPU
		{B6992780-7E62-4051-BFDD-CFBCD354D7E1}.Debug|Any CPU.ActiveCfg = Debug|x64
		{B6992780-7E62-4051-BFDD-CFBCD354D7E1}.Debug|Any CPU.Build.0 = Debug|x64
		{B6992780-7E62-4051-BFDD-CFBCD354D7E1}.Debug|x64.ActiveCfg = Debug|x64
		{B6992780-7E62-4051-BFDD-CFBCD354D7E1}.Debug|x64.Build.0 = Debug|x64
		{B6992780-7E62-4051-BFDD-CFBCD354D7E1}.Release|Any CPU.ActiveCfg = Release|x64
		{B6992780-7E62-4051-BFDD-CFBCD354D7E1}.Release|Any CPU.Build.0 = Release|x64
		{B6992780-7E62-4051-BFDD-CFBCD354D7E1}.Release|x64.ActiveCfg = Release|x64
		{B6992780-7E62-4051-BFDD-CFBCD354D7E1}.Release|x64.Build.0 = Release|x64
		{A52A5D3B-89C3-4C09-B710-3AF54A623EAF}.Debug|Any CPU.ActiveCfg = Debug|x64
		{A52A5D3B-89C3-4C09-B710-3AF54A623EAF}.Debug|Any CPU.Build.0 = Debug|x64
		{A52A5D3B-89C3-4C09-B710-3AF54A623EAF}.Debug|x64.ActiveCfg = Debug|x64
		{A52A5D3B-89C3-4C09-B710-3AF54A623EAF}.Debug|x64.Build.0 = Debug|x64
		{A52A5D3B-89C3-4C09-B710-3AF54A623EAF}.Release|Any CPU.ActiveCfg = Release|x64
		{A52A5D3B-89C3-4C09-B710-3AF54A623EAF}.Release|Any CPU.Build.0 = Release|x64
		{A52A5D3B-89C3-4C09-B710-3AF54A623EAF}.Release|x64.ActiveCfg = Release|x64
		{A52A5D3B-89C3-4C09-B710-3AF54A623EAF}.Release|x64.Build.0 = Release|x64
		{A402AABD-D1E0-4D15-B373-F75B6621429B}.Debug|Any CPU.ActiveCfg = Debug|x64
		{A402AABD-D1E0-4D15-B373-F75B6621429B}.Debug|Any CPU.Build.0 = Debug|x64
		{A402AABD-D1E0-4D15-B373-F75B6621429B}.Debug|x64.ActiveCfg = Debug|x64
		{A402AABD-D1E0-4D15-B373-F75B6621429B}.Debug|x64.Build.0 = Debug|x64
		{A402AABD-D1E0-4D15-B373-F75B6621429B}.Release|Any CPU.ActiveCfg = Release|x64
		{A402AABD-D1E0-4D15-B373-F75B6621429B}.Release|Any CPU.Build.0 = Release|x64
		{A402AABD-D1E0-4D15-B373-F75B6621429B}.Release|x64.ActiveCfg = Release|x64
		{A402AABD-D1E0-4D15-B373-F75B6621429B}.Release|x64.Build.0 = Release|x64
		{63FF6D15-F573-42F6-B4C9-D3C4F3CD89BA}.Debug|Any CPU.ActiveCfg = Debug|x64
		{63FF6D15-F573-42F6-B4C9-D3C4F3CD89BA}.Debug|Any CPU.Build.0 = Debug|x64
		{63FF6D15-F573-42F6-B4C9-D3C4F3CD89BA}.Debug|x64.ActiveCfg = Debug|x64
		{63FF6D15-F573-42F6-B4C9-D3C4F3CD89BA}.Debug|x64.Build.0 = Debug|x64
		{63FF6D15-F573-42F6-B4C9-D3C4F3CD89BA}.Release|Any CPU.ActiveCfg = Release|x64
		{63FF6D15-F573-42F6-B4C9-D3C4F3CD89BA}.Release|Any CPU.Build.0 = Release|x64
		{63FF6D15-F573-42F6-B4C9-D3C4F3CD89BA}.Release|x64.ActiveCfg = Release|x64
		{63FF6D15-F573-42F6-B4C9-D3C4F3CD89BA}.Release|x64.Build.0 = Release|x64
		{17DE076D-2317-40BA-856B-0995DE6F9D09}.Debug|Any CPU.ActiveCfg = Debug|Any CPU
		{17DE076D-2317-40BA-856B-0995DE6F9D09}.Debug|Any CPU.Build.0 = Debug|Any CPU
		{17DE076D-2317-40BA-856B-0995DE6F9D09}.Debug|x64.ActiveCfg = Debug|x64
		{17DE076D-2317-40BA-856B-0995DE6F9D09}.Debug|x64.Build.0 = Debug|x64
		{17DE076D-2317-40BA-856B-0995DE6F9D09}.Release|Any CPU.ActiveCfg = Release|Any CPU
		{17DE076D-2317-40BA-856B-0995DE6F9D09}.Release|Any CPU.Build.0 = Release|Any CPU
		{17DE076D-2317-40BA-856B-0995DE6F9D09}.Release|x64.ActiveCfg = Release|Any CPU
		{17DE076D-2317-40BA-856B-0995DE6F9D09}.Release|x64.Build.0 = Release|Any CPU
		{0009E8FD-7AB3-4743-B0F3-D075A8210025}.Debug|Any CPU.ActiveCfg = Debug|x64
		{0009E8FD-7AB3-4743-B0F3-D075A8210025}.Debug|Any CPU.Build.0 = Debug|x64
		{0009E8FD-7AB3-4743-B0F3-D075A8210025}.Debug|x64.ActiveCfg = Debug|x64
		{0009E8FD-7AB3-4743-B0F3-D075A8210025}.Debug|x64.Build.0 = Debug|x64
		{0009E8FD-7AB3-4743-B0F3-D075A8210025}.Release|Any CPU.ActiveCfg = Release|x64
		{0009E8FD-7AB3-4743-B0F3-D075A8210025}.Release|Any CPU.Build.0 = Release|x64
		{0009E8FD-7AB3-4743-B0F3-D075A8210025}.Release|x64.ActiveCfg = Release|x64
		{0009E8FD-7AB3-4743-B0F3-D075A8210025}.Release|x64.Build.0 = Release|x64
		{661CA8A0-3328-4BEE-B0A3-158484413937}.Debug|Any CPU.ActiveCfg = Debug|Any CPU
		{661CA8A0-3328-4BEE-B0A3-158484413937}.Debug|Any CPU.Build.0 = Debug|Any CPU
		{661CA8A0-3328-4BEE-B0A3-158484413937}.Debug|x64.ActiveCfg = Debug|x64
		{661CA8A0-3328-4BEE-B0A3-158484413937}.Debug|x64.Build.0 = Debug|x64
		{661CA8A0-3328-4BEE-B0A3-158484413937}.Release|Any CPU.ActiveCfg = Release|Any CPU
		{661CA8A0-3328-4BEE-B0A3-158484413937}.Release|Any CPU.Build.0 = Release|Any CPU
		{661CA8A0-3328-4BEE-B0A3-158484413937}.Release|x64.ActiveCfg = Release|Any CPU
		{661CA8A0-3328-4BEE-B0A3-158484413937}.Release|x64.Build.0 = Release|Any CPU
		{10CA3538-9729-4E3B-889C-F3906A7ED25D}.Debug|Any CPU.ActiveCfg = Debug|Any CPU
		{10CA3538-9729-4E3B-889C-F3906A7ED25D}.Debug|Any CPU.Build.0 = Debug|Any CPU
		{10CA3538-9729-4E3B-889C-F3906A7ED25D}.Debug|x64.ActiveCfg = Debug|x64
		{10CA3538-9729-4E3B-889C-F3906A7ED25D}.Debug|x64.Build.0 = Debug|x64
		{10CA3538-9729-4E3B-889C-F3906A7ED25D}.Release|Any CPU.ActiveCfg = Release|Any CPU
		{10CA3538-9729-4E3B-889C-F3906A7ED25D}.Release|Any CPU.Build.0 = Release|Any CPU
		{10CA3538-9729-4E3B-889C-F3906A7ED25D}.Release|x64.ActiveCfg = Release|Any CPU
		{10CA3538-9729-4E3B-889C-F3906A7ED25D}.Release|x64.Build.0 = Release|Any CPU
		{82B8497A-2B3D-4840-9301-EDF0421A9906}.Debug|Any CPU.ActiveCfg = Debug|x64
		{82B8497A-2B3D-4840-9301-EDF0421A9906}.Debug|Any CPU.Build.0 = Debug|x64
		{82B8497A-2B3D-4840-9301-EDF0421A9906}.Debug|x64.ActiveCfg = Debug|x64
		{82B8497A-2B3D-4840-9301-EDF0421A9906}.Debug|x64.Build.0 = Debug|x64
		{82B8497A-2B3D-4840-9301-EDF0421A9906}.Release|Any CPU.ActiveCfg = Release|x64
		{82B8497A-2B3D-4840-9301-EDF0421A9906}.Release|Any CPU.Build.0 = Release|x64
		{82B8497A-2B3D-4840-9301-EDF0421A9906}.Release|x64.ActiveCfg = Release|x64
		{82B8497A-2B3D-4840-9301-EDF0421A9906}.Release|x64.Build.0 = Release|x64
		{BCC32AFE-85F0-4FA9-8A84-4FB2829D0182}.Debug|Any CPU.ActiveCfg = Debug|Any CPU
		{BCC32AFE-85F0-4FA9-8A84-4FB2829D0182}.Debug|Any CPU.Build.0 = Debug|Any CPU
		{BCC32AFE-85F0-4FA9-8A84-4FB2829D0182}.Debug|x64.ActiveCfg = Debug|x64
		{BCC32AFE-85F0-4FA9-8A84-4FB2829D0182}.Debug|x64.Build.0 = Debug|x64
		{BCC32AFE-85F0-4FA9-8A84-4FB2829D0182}.Release|Any CPU.ActiveCfg = Release|Any CPU
		{BCC32AFE-85F0-4FA9-8A84-4FB2829D0182}.Release|Any CPU.Build.0 = Release|Any CPU
		{BCC32AFE-85F0-4FA9-8A84-4FB2829D0182}.Release|x64.ActiveCfg = Release|Any CPU
		{BCC32AFE-85F0-4FA9-8A84-4FB2829D0182}.Release|x64.Build.0 = Release|Any CPU
		{77B39073-338A-4FD0-8394-536E7E124F70}.Debug|Any CPU.ActiveCfg = Debug|x64
		{77B39073-338A-4FD0-8394-536E7E124F70}.Debug|Any CPU.Build.0 = Debug|x64
		{77B39073-338A-4FD0-8394-536E7E124F70}.Debug|x64.ActiveCfg = Debug|x64
		{77B39073-338A-4FD0-8394-536E7E124F70}.Debug|x64.Build.0 = Debug|x64
		{77B39073-338A-4FD0-8394-536E7E124F70}.Release|Any CPU.ActiveCfg = Release|x64
		{77B39073-338A-4FD0-8394-536E7E124F70}.Release|Any CPU.Build.0 = Release|x64
		{77B39073-338A-4FD0-8394-536E7E124F70}.Release|x64.ActiveCfg = Release|x64
		{77B39073-338A-4FD0-8394-536E7E124F70}.Release|x64.Build.0 = Release|x64
		{1E8CBFBE-DD7B-4319-90A8-F1C2E72171BA}.Debug|Any CPU.ActiveCfg = Debug|x64
		{1E8CBFBE-DD7B-4319-90A8-F1C2E72171BA}.Debug|Any CPU.Build.0 = Debug|x64
		{1E8CBFBE-DD7B-4319-90A8-F1C2E72171BA}.Debug|x64.ActiveCfg = Debug|x64
		{1E8CBFBE-DD7B-4319-90A8-F1C2E72171BA}.Debug|x64.Build.0 = Debug|x64
		{1E8CBFBE-DD7B-4319-90A8-F1C2E72171BA}.Release|Any CPU.ActiveCfg = Release|x64
		{1E8CBFBE-DD7B-4319-90A8-F1C2E72171BA}.Release|Any CPU.Build.0 = Release|x64
		{1E8CBFBE-DD7B-4319-90A8-F1C2E72171BA}.Release|x64.ActiveCfg = Release|x64
		{1E8CBFBE-DD7B-4319-90A8-F1C2E72171BA}.Release|x64.Build.0 = Release|x64
		{8E4075A7-4CA3-4FDD-B55A-52C208928554}.Debug|Any CPU.ActiveCfg = Debug|x64
		{8E4075A7-4CA3-4FDD-B55A-52C208928554}.Debug|Any CPU.Build.0 = Debug|x64
		{8E4075A7-4CA3-4FDD-B55A-52C208928554}.Debug|x64.ActiveCfg = Debug|x64
		{8E4075A7-4CA3-4FDD-B55A-52C208928554}.Debug|x64.Build.0 = Debug|x64
		{8E4075A7-4CA3-4FDD-B55A-52C208928554}.Release|Any CPU.ActiveCfg = Release|x64
		{8E4075A7-4CA3-4FDD-B55A-52C208928554}.Release|Any CPU.Build.0 = Release|x64
		{8E4075A7-4CA3-4FDD-B55A-52C208928554}.Release|x64.ActiveCfg = Release|x64
		{8E4075A7-4CA3-4FDD-B55A-52C208928554}.Release|x64.Build.0 = Release|x64
		{524F97AC-887B-43BA-AA82-08B3A5A1E896}.Debug|Any CPU.ActiveCfg = Debug|x64
		{524F97AC-887B-43BA-AA82-08B3A5A1E896}.Debug|Any CPU.Build.0 = Debug|x64
		{524F97AC-887B-43BA-AA82-08B3A5A1E896}.Debug|x64.ActiveCfg = Debug|x64
		{524F97AC-887B-43BA-AA82-08B3A5A1E896}.Debug|x64.Build.0 = Debug|x64
		{524F97AC-887B-43BA-AA82-08B3A5A1E896}.Release|Any CPU.ActiveCfg = Release|x64
		{524F97AC-887B-43BA-AA82-08B3A5A1E896}.Release|Any CPU.Build.0 = Release|x64
		{524F97AC-887B-43BA-AA82-08B3A5A1E896}.Release|x64.ActiveCfg = Release|x64
		{524F97AC-887B-43BA-AA82-08B3A5A1E896}.Release|x64.Build.0 = Release|x64
		{A19B1746-F69F-4F3D-BF97-5DFEDA7A8A64}.Debug|Any CPU.ActiveCfg = Debug|x64
		{A19B1746-F69F-4F3D-BF97-5DFEDA7A8A64}.Debug|Any CPU.Build.0 = Debug|x64
		{A19B1746-F69F-4F3D-BF97-5DFEDA7A8A64}.Debug|x64.ActiveCfg = Debug|x64
		{A19B1746-F69F-4F3D-BF97-5DFEDA7A8A64}.Debug|x64.Build.0 = Debug|x64
		{A19B1746-F69F-4F3D-BF97-5DFEDA7A8A64}.Release|Any CPU.ActiveCfg = Release|x64
		{A19B1746-F69F-4F3D-BF97-5DFEDA7A8A64}.Release|Any CPU.Build.0 = Release|x64
		{A19B1746-F69F-4F3D-BF97-5DFEDA7A8A64}.Release|x64.ActiveCfg = Release|x64
		{A19B1746-F69F-4F3D-BF97-5DFEDA7A8A64}.Release|x64.Build.0 = Release|x64
		{49E53F17-04F8-452A-A524-3287EBA8D693}.Debug|Any CPU.ActiveCfg = Debug|x64
		{49E53F17-04F8-452A-A524-3287EBA8D693}.Debug|Any CPU.Build.0 = Debug|x64
		{49E53F17-04F8-452A-A524-3287EBA8D693}.Debug|x64.ActiveCfg = Debug|x64
		{49E53F17-04F8-452A-A524-3287EBA8D693}.Debug|x64.Build.0 = Debug|x64
		{49E53F17-04F8-452A-A524-3287EBA8D693}.Release|Any CPU.ActiveCfg = Release|x64
		{49E53F17-04F8-452A-A524-3287EBA8D693}.Release|Any CPU.Build.0 = Release|x64
		{49E53F17-04F8-452A-A524-3287EBA8D693}.Release|x64.ActiveCfg = Release|x64
		{49E53F17-04F8-452A-A524-3287EBA8D693}.Release|x64.Build.0 = Release|x64
		{DCF0F23E-D47B-49AA-88EC-9E01A8406775}.Debug|Any CPU.ActiveCfg = Debug|x64
		{DCF0F23E-D47B-49AA-88EC-9E01A8406775}.Debug|Any CPU.Build.0 = Debug|x64
		{DCF0F23E-D47B-49AA-88EC-9E01A8406775}.Debug|x64.ActiveCfg = Debug|x64
		{DCF0F23E-D47B-49AA-88EC-9E01A8406775}.Debug|x64.Build.0 = Debug|x64
		{DCF0F23E-D47B-49AA-88EC-9E01A8406775}.Release|Any CPU.ActiveCfg = Release|x64
		{DCF0F23E-D47B-49AA-88EC-9E01A8406775}.Release|Any CPU.Build.0 = Release|x64
		{DCF0F23E-D47B-49AA-88EC-9E01A8406775}.Release|x64.ActiveCfg = Release|x64
		{DCF0F23E-D47B-49AA-88EC-9E01A8406775}.Release|x64.Build.0 = Release|x64
		{5ED6A907-82A5-4219-968F-097A55EE8EC9}.Debug|Any CPU.ActiveCfg = Debug|Any CPU
		{5ED6A907-82A5-4219-968F-097A55EE8EC9}.Debug|Any CPU.Build.0 = Debug|Any CPU
		{5ED6A907-82A5-4219-968F-097A55EE8EC9}.Debug|x64.ActiveCfg = Debug|x64
		{5ED6A907-82A5-4219-968F-097A55EE8EC9}.Debug|x64.Build.0 = Debug|x64
		{5ED6A907-82A5-4219-968F-097A55EE8EC9}.Release|Any CPU.ActiveCfg = Release|Any CPU
		{5ED6A907-82A5-4219-968F-097A55EE8EC9}.Release|Any CPU.Build.0 = Release|Any CPU
		{5ED6A907-82A5-4219-968F-097A55EE8EC9}.Release|x64.ActiveCfg = Release|Any CPU
		{5ED6A907-82A5-4219-968F-097A55EE8EC9}.Release|x64.Build.0 = Release|Any CPU
		{ED1A5CEB-AB96-43F8-A11A-F95AFBCF7900}.Debug|Any CPU.ActiveCfg = Debug|Any CPU
		{ED1A5CEB-AB96-43F8-A11A-F95AFBCF7900}.Debug|Any CPU.Build.0 = Debug|Any CPU
		{ED1A5CEB-AB96-43F8-A11A-F95AFBCF7900}.Debug|x64.ActiveCfg = Debug|x64
		{ED1A5CEB-AB96-43F8-A11A-F95AFBCF7900}.Debug|x64.Build.0 = Debug|x64
		{ED1A5CEB-AB96-43F8-A11A-F95AFBCF7900}.Release|Any CPU.ActiveCfg = Release|Any CPU
		{ED1A5CEB-AB96-43F8-A11A-F95AFBCF7900}.Release|Any CPU.Build.0 = Release|Any CPU
		{ED1A5CEB-AB96-43F8-A11A-F95AFBCF7900}.Release|x64.ActiveCfg = Release|Any CPU
		{ED1A5CEB-AB96-43F8-A11A-F95AFBCF7900}.Release|x64.Build.0 = Release|Any CPU
		{56BF6468-FAE0-445F-B9AD-8138F93C141E}.Debug|Any CPU.ActiveCfg = Debug|Any CPU
		{56BF6468-FAE0-445F-B9AD-8138F93C141E}.Debug|Any CPU.Build.0 = Debug|Any CPU
		{56BF6468-FAE0-445F-B9AD-8138F93C141E}.Debug|x64.ActiveCfg = Debug|x64
		{56BF6468-FAE0-445F-B9AD-8138F93C141E}.Debug|x64.Build.0 = Debug|x64
		{56BF6468-FAE0-445F-B9AD-8138F93C141E}.Release|Any CPU.ActiveCfg = Release|Any CPU
		{56BF6468-FAE0-445F-B9AD-8138F93C141E}.Release|Any CPU.Build.0 = Release|Any CPU
		{56BF6468-FAE0-445F-B9AD-8138F93C141E}.Release|x64.ActiveCfg = Release|Any CPU
		{56BF6468-FAE0-445F-B9AD-8138F93C141E}.Release|x64.Build.0 = Release|Any CPU
		{5B250C21-8893-4457-B78B-D946FE4D117C}.Debug|Any CPU.ActiveCfg = Debug|Any CPU
		{5B250C21-8893-4457-B78B-D946FE4D117C}.Debug|Any CPU.Build.0 = Debug|Any CPU
		{5B250C21-8893-4457-B78B-D946FE4D117C}.Debug|x64.ActiveCfg = Debug|x64
		{5B250C21-8893-4457-B78B-D946FE4D117C}.Debug|x64.Build.0 = Debug|x64
		{5B250C21-8893-4457-B78B-D946FE4D117C}.Release|Any CPU.ActiveCfg = Release|Any CPU
		{5B250C21-8893-4457-B78B-D946FE4D117C}.Release|Any CPU.Build.0 = Release|Any CPU
		{5B250C21-8893-4457-B78B-D946FE4D117C}.Release|x64.ActiveCfg = Release|Any CPU
		{5B250C21-8893-4457-B78B-D946FE4D117C}.Release|x64.Build.0 = Release|Any CPU
		{A28C2EB7-3A3D-41A8-A3A3-33E7D460C4F4}.Debug|Any CPU.ActiveCfg = Debug|x64
		{A28C2EB7-3A3D-41A8-A3A3-33E7D460C4F4}.Debug|Any CPU.Build.0 = Debug|x64
		{A28C2EB7-3A3D-41A8-A3A3-33E7D460C4F4}.Debug|x64.ActiveCfg = Debug|x64
		{A28C2EB7-3A3D-41A8-A3A3-33E7D460C4F4}.Debug|x64.Build.0 = Debug|x64
		{A28C2EB7-3A3D-41A8-A3A3-33E7D460C4F4}.Release|Any CPU.ActiveCfg = Release|x64
		{A28C2EB7-3A3D-41A8-A3A3-33E7D460C4F4}.Release|Any CPU.Build.0 = Release|x64
		{A28C2EB7-3A3D-41A8-A3A3-33E7D460C4F4}.Release|x64.ActiveCfg = Release|x64
		{A28C2EB7-3A3D-41A8-A3A3-33E7D460C4F4}.Release|x64.Build.0 = Release|x64
		{C6EC7D90-C8CD-41ED-B9FB-2589D941F34F}.Debug|Any CPU.ActiveCfg = Debug|x64
		{C6EC7D90-C8CD-41ED-B9FB-2589D941F34F}.Debug|Any CPU.Build.0 = Debug|x64
		{C6EC7D90-C8CD-41ED-B9FB-2589D941F34F}.Debug|x64.ActiveCfg = Debug|x64
		{C6EC7D90-C8CD-41ED-B9FB-2589D941F34F}.Debug|x64.Build.0 = Debug|x64
		{C6EC7D90-C8CD-41ED-B9FB-2589D941F34F}.Release|Any CPU.ActiveCfg = Release|x64
		{C6EC7D90-C8CD-41ED-B9FB-2589D941F34F}.Release|Any CPU.Build.0 = Release|x64
		{C6EC7D90-C8CD-41ED-B9FB-2589D941F34F}.Release|x64.ActiveCfg = Release|x64
		{C6EC7D90-C8CD-41ED-B9FB-2589D941F34F}.Release|x64.Build.0 = Release|x64
		{8CBFFE8F-20D4-4D1E-866B-0C99ED2D0472}.Debug|Any CPU.ActiveCfg = Debug|x64
		{8CBFFE8F-20D4-4D1E-866B-0C99ED2D0472}.Debug|Any CPU.Build.0 = Debug|x64
		{8CBFFE8F-20D4-4D1E-866B-0C99ED2D0472}.Debug|x64.ActiveCfg = Debug|x64
		{8CBFFE8F-20D4-4D1E-866B-0C99ED2D0472}.Debug|x64.Build.0 = Debug|x64
		{8CBFFE8F-20D4-4D1E-866B-0C99ED2D0472}.Release|Any CPU.ActiveCfg = Release|x64
		{8CBFFE8F-20D4-4D1E-866B-0C99ED2D0472}.Release|Any CPU.Build.0 = Release|x64
		{8CBFFE8F-20D4-4D1E-866B-0C99ED2D0472}.Release|x64.ActiveCfg = Release|x64
		{8CBFFE8F-20D4-4D1E-866B-0C99ED2D0472}.Release|x64.Build.0 = Release|x64
		{DA93689A-7990-42D4-905F-5A15F5E94F84}.Debug|Any CPU.ActiveCfg = Debug|x64
		{DA93689A-7990-42D4-905F-5A15F5E94F84}.Debug|Any CPU.Build.0 = Debug|x64
		{DA93689A-7990-42D4-905F-5A15F5E94F84}.Debug|x64.ActiveCfg = Debug|x64
		{DA93689A-7990-42D4-905F-5A15F5E94F84}.Debug|x64.Build.0 = Debug|x64
		{DA93689A-7990-42D4-905F-5A15F5E94F84}.Release|Any CPU.ActiveCfg = Release|x64
		{DA93689A-7990-42D4-905F-5A15F5E94F84}.Release|Any CPU.Build.0 = Release|x64
		{DA93689A-7990-42D4-905F-5A15F5E94F84}.Release|x64.ActiveCfg = Release|x64
		{DA93689A-7990-42D4-905F-5A15F5E94F84}.Release|x64.Build.0 = Release|x64
		{4FC91C77-508F-4117-87F1-F3FD0359E03D}.Debug|Any CPU.ActiveCfg = Debug|x64
		{4FC91C77-508F-4117-87F1-F3FD0359E03D}.Debug|Any CPU.Build.0 = Debug|x64
		{4FC91C77-508F-4117-87F1-F3FD0359E03D}.Debug|x64.ActiveCfg = Debug|x64
		{4FC91C77-508F-4117-87F1-F3FD0359E03D}.Debug|x64.Build.0 = Debug|x64
		{4FC91C77-508F-4117-87F1-F3FD0359E03D}.Release|Any CPU.ActiveCfg = Release|x64
		{4FC91C77-508F-4117-87F1-F3FD0359E03D}.Release|Any CPU.Build.0 = Release|x64
		{4FC91C77-508F-4117-87F1-F3FD0359E03D}.Release|x64.ActiveCfg = Release|x64
		{4FC91C77-508F-4117-87F1-F3FD0359E03D}.Release|x64.Build.0 = Release|x64
	EndGlobalSection
	GlobalSection(SolutionProperties) = preSolution
		HideSolutionNode = FALSE
	EndGlobalSection
	GlobalSection(NestedProjects) = preSolution
		{7EFA3DFD-D725-4352-A3DF-497C198A3C4D} = {5585E4AC-E26E-43C8-B287-090C6B05B5FF}
		{64E9C45D-4065-41B5-A691-80793264FE20} = {7EFA3DFD-D725-4352-A3DF-497C198A3C4D}
		{2324C439-AAA7-4D03-A900-46FE550F314A} = {7EFA3DFD-D725-4352-A3DF-497C198A3C4D}
		{42ACAB6D-CD7B-409C-A6F6-0F16690E81D8} = {7EFA3DFD-D725-4352-A3DF-497C198A3C4D}
		{C7782D13-F93F-4C53-B087-61F91A640A3D} = {7EFA3DFD-D725-4352-A3DF-497C198A3C4D}
		{CFDA14F9-30F4-48C4-B076-B31506E0A62F} = {7EFA3DFD-D725-4352-A3DF-497C198A3C4D}
		{24EB8E9C-F526-41C8-84C9-C58DF8F663D4} = {7EFA3DFD-D725-4352-A3DF-497C198A3C4D}
		{DD5194BB-3845-4174-BCE0-5950B3E68179} = {5585E4AC-E26E-43C8-B287-090C6B05B5FF}
		{92E13CBE-BA33-4729-8DEC-BF81BCFD45C2} = {4BB12F72-1ACF-40EF-8202-C06A3B708E4B}
		{B6992780-7E62-4051-BFDD-CFBCD354D7E1} = {F0DE36A7-5F36-4E05-9E41-DFF997ADC5BE}
		{A52A5D3B-89C3-4C09-B710-3AF54A623EAF} = {F0DE36A7-5F36-4E05-9E41-DFF997ADC5BE}
		{A402AABD-D1E0-4D15-B373-F75B6621429B} = {F0DE36A7-5F36-4E05-9E41-DFF997ADC5BE}
		{63FF6D15-F573-42F6-B4C9-D3C4F3CD89BA} = {DD5194BB-3845-4174-BCE0-5950B3E68179}
		{17DE076D-2317-40BA-856B-0995DE6F9D09} = {DD5194BB-3845-4174-BCE0-5950B3E68179}
		{F0DE36A7-5F36-4E05-9E41-DFF997ADC5BE} = {92E13CBE-BA33-4729-8DEC-BF81BCFD45C2}
		{FFDB6964-21A0-43A6-A5F3-04657045FC2F} = {92E13CBE-BA33-4729-8DEC-BF81BCFD45C2}
		{0009E8FD-7AB3-4743-B0F3-D075A8210025} = {FFDB6964-21A0-43A6-A5F3-04657045FC2F}
		{661CA8A0-3328-4BEE-B0A3-158484413937} = {FFDB6964-21A0-43A6-A5F3-04657045FC2F}
		{10CA3538-9729-4E3B-889C-F3906A7ED25D} = {FFDB6964-21A0-43A6-A5F3-04657045FC2F}
		{82B8497A-2B3D-4840-9301-EDF0421A9906} = {FFDB6964-21A0-43A6-A5F3-04657045FC2F}
		{BCC32AFE-85F0-4FA9-8A84-4FB2829D0182} = {FFDB6964-21A0-43A6-A5F3-04657045FC2F}
		{77B39073-338A-4FD0-8394-536E7E124F70} = {EA656D96-F919-4D48-90D2-D1A7ECC13246}
		{89AC8C6E-40D7-4744-82D5-FFABC03AF24F} = {4BB12F72-1ACF-40EF-8202-C06A3B708E4B}
		{1E8CBFBE-DD7B-4319-90A8-F1C2E72171BA} = {DD5194BB-3845-4174-BCE0-5950B3E68179}
		{8E4075A7-4CA3-4FDD-B55A-52C208928554} = {DD5194BB-3845-4174-BCE0-5950B3E68179}
		{EA656D96-F919-4D48-90D2-D1A7ECC13246} = {2D0FEA54-8D07-44D9-94A2-D70C4719FEC1}
		{442655B1-42B6-428C-B735-3CA18FC34600} = {89AC8C6E-40D7-4744-82D5-FFABC03AF24F}
		{2D0FEA54-8D07-44D9-94A2-D70C4719FEC1} = {89AC8C6E-40D7-4744-82D5-FFABC03AF24F}
		{524F97AC-887B-43BA-AA82-08B3A5A1E896} = {442655B1-42B6-428C-B735-3CA18FC34600}
		{A19B1746-F69F-4F3D-BF97-5DFEDA7A8A64} = {442655B1-42B6-428C-B735-3CA18FC34600}
		{49E53F17-04F8-452A-A524-3287EBA8D693} = {442655B1-42B6-428C-B735-3CA18FC34600}
		{DCF0F23E-D47B-49AA-88EC-9E01A8406775} = {442655B1-42B6-428C-B735-3CA18FC34600}
		{5ED6A907-82A5-4219-968F-097A55EE8EC9} = {442655B1-42B6-428C-B735-3CA18FC34600}
		{ED1A5CEB-AB96-43F8-A11A-F95AFBCF7900} = {442655B1-42B6-428C-B735-3CA18FC34600}
		{56BF6468-FAE0-445F-B9AD-8138F93C141E} = {442655B1-42B6-428C-B735-3CA18FC34600}
		{5B250C21-8893-4457-B78B-D946FE4D117C} = {442655B1-42B6-428C-B735-3CA18FC34600}
		{A28C2EB7-3A3D-41A8-A3A3-33E7D460C4F4} = {442655B1-42B6-428C-B735-3CA18FC34600}
		{C6EC7D90-C8CD-41ED-B9FB-2589D941F34F} = {FFDB6964-21A0-43A6-A5F3-04657045FC2F}
		{8CBFFE8F-20D4-4D1E-866B-0C99ED2D0472} = {2D0FEA54-8D07-44D9-94A2-D70C4719FEC1}
		{DA93689A-7990-42D4-905F-5A15F5E94F84} = {2D0FEA54-8D07-44D9-94A2-D70C4719FEC1}
		{4FC91C77-508F-4117-87F1-F3FD0359E03D} = {2D0FEA54-8D07-44D9-94A2-D70C4719FEC1}
	EndGlobalSection
	GlobalSection(ExtensibilityGlobals) = postSolution
		SolutionGuid = {E226C879-CA56-4DCB-8324-CC6E5C04BDC5}
	EndGlobalSection
EndGlobal
