
Microsoft Visual Studio Solution File, Format Version 12.00
# Visual Studio Version 17
VisualStudioVersion = 17.3.32825.248
MinimumVisualStudioVersion = 10.0.40219.1
Project("{9A19103F-16F7-4668-BE54-9A1E7A4F7556}") = "InstantAssistant.Api", "InstantAssistant.Api.csproj", "{40099A66-94C7-4528-A9E5-EE36B39AC0BD}"
EndProject
Global
	GlobalSection(SolutionConfigurationPlatforms) = preSolution
		Debug|Any CPU = Debug|Any CPU
		Debug|x64 = Debug|x64
		Release|Any CPU = Release|Any CPU
		Release|x64 = Release|x64
	EndGlobalSection
	GlobalSection(ProjectConfigurationPlatforms) = postSolution
		{40099A66-94C7-4528-A9E5-EE36B39AC0BD}.Debug|Any CPU.ActiveCfg = Debug|Any CPU
		{40099A66-94C7-4528-A9E5-EE36B39AC0BD}.Debug|Any CPU.Build.0 = Debug|Any CPU
		{40099A66-94C7-4528-A9E5-EE36B39AC0BD}.Debug|x64.ActiveCfg = Debug|x64
		{40099A66-94C7-4528-A9E5-EE36B39AC0BD}.Debug|x64.Build.0 = Debug|x64
		{40099A66-94C7-4528-A9E5-EE36B39AC0BD}.Release|Any CPU.ActiveCfg = Release|Any CPU
		{40099A66-94C7-4528-A9E5-EE36B39AC0BD}.Release|Any CPU.Build.0 = Release|Any CPU
		{40099A66-94C7-4528-A9E5-EE36B39AC0BD}.Release|x64.ActiveCfg = Release|x64
		{40099A66-94C7-4528-A9E5-EE36B39AC0BD}.Release|x64.Build.0 = Release|x64
	EndGlobalSection
	GlobalSection(SolutionProperties) = preSolution
		HideSolutionNode = FALSE
	EndGlobalSection
	GlobalSection(ExtensibilityGlobals) = postSolution
		SolutionGuid = {439BC912-3C5D-4510-9392-B3BF70791E6B}
	EndGlobalSection
EndGlobal
